
Microsoft Visual Studio Solution File, Format Version 12.00
# Visual Studio Version 17
VisualStudioVersion = 17.10.35122.118
MinimumVisualStudioVersion = 10.0.40219.1
Project("{FAE04EC0-301F-11D3-BF4B-00C04F79EFBC}") = "Mathematic", "Mathematic\Mathematic.csproj", "{96F1298A-27A3-4BBE-83A0-4EB85723032F}"
EndProject
Global
	GlobalSection(SolutionConfigurationPlatforms) = preSolution
		Debug|Any CPU = Debug|Any CPU
		Release|Any CPU = Release|Any CPU
	EndGlobalSection
	GlobalSection(ProjectConfigurationPlatforms) = postSolution
		{96F1298A-27A3-4BBE-83A0-4EB85723032F}.Debug|Any CPU.ActiveCfg = Debug|Any CPU
		{96F1298A-27A3-4BBE-83A0-4EB85723032F}.Debug|Any CPU.Build.0 = Debug|Any CPU
		{96F1298A-27A3-4BBE-83A0-4EB85723032F}.Release|Any CPU.ActiveCfg = Release|Any CPU
		{96F1298A-27A3-4BBE-83A0-4EB85723032F}.Release|Any CPU.Build.0 = Release|Any CPU
	EndGlobalSection
	GlobalSection(SolutionProperties) = preSolution
		HideSolutionNode = FALSE
	EndGlobalSection
	GlobalSection(ExtensibilityGlobals) = postSolution
		SolutionGuid = {47C3BA19-0BFB-4785-A181-979C845D8A9E}
	EndGlobalSection
EndGlobal
